
Microsoft Visual Studio Solution File, Format Version 12.00
# Visual Studio Version 17
VisualStudioVersion = 17.8.34511.84
MinimumVisualStudioVersion = 10.0.40219.1
Project("{FAE04EC0-301F-11D3-BF4B-00C04F79EFBC}") = "MyBlog.PresentationLayer", "MyBlog.PresentationLayer\MyBlog.PresentationLayer.csproj", "{CA192433-2619-4D79-A45F-3849318A9AF9}"
EndProject
Project("{FAE04EC0-301F-11D3-BF4B-00C04F79EFBC}") = "MyBlog.EntitiyLayer", "MyBlog.EntitiyLayer\MyBlog.EntitiyLayer.csproj", "{53C45952-C1CF-4F27-92A9-408C57F5589C}"
EndProject
Project("{FAE04EC0-301F-11D3-BF4B-00C04F79EFBC}") = "MyBlog.DataAccessLayer", "MyBlog.DataAccessLayer\MyBlog.DataAccessLayer.csproj", "{C66A89FA-F76D-47E9-B62A-C39615B83D77}"
EndProject
Project("{FAE04EC0-301F-11D3-BF4B-00C04F79EFBC}") = "MyBlog.BusinessLayer", "MyBlog.BusinessLayer\MyBlog.BusinessLayer.csproj", "{EF67BC23-946B-4E3A-BDB6-537CF9920C56}"
EndProject
Global
	GlobalSection(SolutionConfigurationPlatforms) = preSolution
		Debug|Any CPU = Debug|Any CPU
		Release|Any CPU = Release|Any CPU
	EndGlobalSection
	GlobalSection(ProjectConfigurationPlatforms) = postSolution
		{CA192433-2619-4D79-A45F-3849318A9AF9}.Debug|Any CPU.ActiveCfg = Debug|Any CPU
		{CA192433-2619-4D79-A45F-3849318A9AF9}.Debug|Any CPU.Build.0 = Debug|Any CPU
		{CA192433-2619-4D79-A45F-3849318A9AF9}.Release|Any CPU.ActiveCfg = Release|Any CPU
		{CA192433-2619-4D79-A45F-3849318A9AF9}.Release|Any CPU.Build.0 = Release|Any CPU
		{53C45952-C1CF-4F27-92A9-408C57F5589C}.Debug|Any CPU.ActiveCfg = Debug|Any CPU
		{53C45952-C1CF-4F27-92A9-408C57F5589C}.Debug|Any CPU.Build.0 = Debug|Any CPU
		{53C45952-C1CF-4F27-92A9-408C57F5589C}.Release|Any CPU.ActiveCfg = Release|Any CPU
		{53C45952-C1CF-4F27-92A9-408C57F5589C}.Release|Any CPU.Build.0 = Release|Any CPU
		{C66A89FA-F76D-47E9-B62A-C39615B83D77}.Debug|Any CPU.ActiveCfg = Debug|Any CPU
		{C66A89FA-F76D-47E9-B62A-C39615B83D77}.Debug|Any CPU.Build.0 = Debug|Any CPU
		{C66A89FA-F76D-47E9-B62A-C39615B83D77}.Release|Any CPU.ActiveCfg = Release|Any CPU
		{C66A89FA-F76D-47E9-B62A-C39615B83D77}.Release|Any CPU.Build.0 = Release|Any CPU
		{EF67BC23-946B-4E3A-BDB6-537CF9920C56}.Debug|Any CPU.ActiveCfg = Debug|Any CPU
		{EF67BC23-946B-4E3A-BDB6-537CF9920C56}.Debug|Any CPU.Build.0 = Debug|Any CPU
		{EF67BC23-946B-4E3A-BDB6-537CF9920C56}.Release|Any CPU.ActiveCfg = Release|Any CPU
		{EF67BC23-946B-4E3A-BDB6-537CF9920C56}.Release|Any CPU.Build.0 = Release|Any CPU
	EndGlobalSection
	GlobalSection(SolutionProperties) = preSolution
		HideSolutionNode = FALSE
	EndGlobalSection
	GlobalSection(ExtensibilityGlobals) = postSolution
		SolutionGuid = {5F959AB9-5A60-4E64-89AA-0B1505969A3F}
	EndGlobalSection
EndGlobal
